
Microsoft Visual Studio Solution File, Format Version 12.00
# Visual Studio 15
VisualStudioVersion = 15.0.28307.902
MinimumVisualStudioVersion = 10.0.40219.1
Project("{FAE04EC0-301F-11D3-BF4B-00C04F79EFBC}") = "DesignPatternsDemo", "DesignPatternsDemo\DesignPatternsDemo.csproj", "{722D5AB2-6DE7-45B2-975E-1B2E81283B97}"
EndProject
Global
	GlobalSection(SolutionConfigurationPlatforms) = preSolution
		Debug|Any CPU = Debug|Any CPU
		Release|Any CPU = Release|Any CPU
	EndGlobalSection
	GlobalSection(ProjectConfigurationPlatforms) = postSolution
		{722D5AB2-6DE7-45B2-975E-1B2E81283B97}.Debug|Any CPU.ActiveCfg = Debug|Any CPU
		{722D5AB2-6DE7-45B2-975E-1B2E81283B97}.Debug|Any CPU.Build.0 = Debug|Any CPU
		{722D5AB2-6DE7-45B2-975E-1B2E81283B97}.Release|Any CPU.ActiveCfg = Release|Any CPU
		{722D5AB2-6DE7-45B2-975E-1B2E81283B97}.Release|Any CPU.Build.0 = Release|Any CPU
	EndGlobalSection
	GlobalSection(SolutionProperties) = preSolution
		HideSolutionNode = FALSE
	EndGlobalSection
	GlobalSection(ExtensibilityGlobals) = postSolution
		SolutionGuid = {3C4C8C36-40EF-4FDF-8994-29EED5F37C36}
	EndGlobalSection
EndGlobal
